
Microsoft Visual Studio Solution File, Format Version 12.00
# Visual Studio Version 16
VisualStudioVersion = 16.0.808.6
MinimumVisualStudioVersion = 10.0.40219.1
Project("{FAE04EC0-301F-11D3-BF4B-00C04F79EFBC}") = "s18085_egz1", "s18085_egz1\s18085_egz1.csproj", "{9EE0246E-60C4-4DA4-822B-6797540AB05A}"
EndProject
Global
	GlobalSection(SolutionConfigurationPlatforms) = preSolution
		Debug|Any CPU = Debug|Any CPU
		Release|Any CPU = Release|Any CPU
	EndGlobalSection
	GlobalSection(ProjectConfigurationPlatforms) = postSolution
		{9EE0246E-60C4-4DA4-822B-6797540AB05A}.Debug|Any CPU.ActiveCfg = Debug|Any CPU
		{9EE0246E-60C4-4DA4-822B-6797540AB05A}.Debug|Any CPU.Build.0 = Debug|Any CPU
		{9EE0246E-60C4-4DA4-822B-6797540AB05A}.Release|Any CPU.ActiveCfg = Release|Any CPU
		{9EE0246E-60C4-4DA4-822B-6797540AB05A}.Release|Any CPU.Build.0 = Release|Any CPU
	EndGlobalSection
	GlobalSection(SolutionProperties) = preSolution
		HideSolutionNode = FALSE
	EndGlobalSection
	GlobalSection(ExtensibilityGlobals) = postSolution
		SolutionGuid = {0CA58272-02EC-4941-B1F3-2E4CA9ACE8F9}
	EndGlobalSection
EndGlobal
